<?xml version="1.0" encoding="utf-8"?>
<Project ToolsVersion="4.0" xmlns="http://schemas.microsoft.com/developer/msbuild/2003">
  <ItemGroup>
    <Filter Include="소스 파일">
      <UniqueIdentifier>{4FC737F1-C7A5-4376-A066-2A32D752A2FF}</UniqueIdentifier>
      <Extensions>cpp;c;cc;cxx;c++;cppm;ixx;def;odl;idl;hpj;bat;asm;asmx</Extensions>
    </Filter>
    <Filter Include="헤더 파일">
      <UniqueIdentifier>{93995380-89BD-4b04-88EB-625FBE52EBFB}</UniqueIdentifier>
      <Extensions>h;hh;hpp;hxx;h++;hm;inl;inc;ipp;xsd</Extensions>
    </Filter>
    <Filter Include="리소스 파일">
      <UniqueIdentifier>{67DA6AB6-F800-4c08-8B7A-83BB121AAD01}</UniqueIdentifier>
      <Extensions>rc;ico;cur;bmp;dlg;rc2;rct;bin;rgs;gif;jpg;jpeg;jpe;resx;tiff;tif;png;wav;mfcribbon-ms</Extensions>
    </Filter>
    <Filter Include="PCH">
      <UniqueIdentifier>{88cdfe54-ea2a-4074-b4d8-f3f249ecc7e8}</UniqueIdentifier>
    </Filter>
    <Filter Include="Managers">
      <UniqueIdentifier>{3cd09c20-8498-48c9-8bf6-1cb81d47b0bc}</UniqueIdentifier>
    </Filter>
    <Filter Include="Managers\Public">
      <UniqueIdentifier>{2283c1c1-fdf7-46db-b171-98eaffbdbd40}</UniqueIdentifier>
    </Filter>
    <Filter Include="Managers\Private">
      <UniqueIdentifier>{2f5adbff-81ce-4095-ba77-9907cf5f3f09}</UniqueIdentifier>
    </Filter>
  </ItemGroup>
  <ItemGroup>
    <ClInclude Include="pch.h">
      <Filter>PCH</Filter>
    </ClInclude>
    <ClInclude Include="DXContext.h">
      <Filter>Managers\Public</Filter>
    </ClInclude>
    <ClInclude Include="GameEngine.h">
      <Filter>Managers\Public</Filter>
    </ClInclude>
    <ClInclude Include="TimeManager.h">
      <Filter>Managers\Public</Filter>
    </ClInclude>
    <ClInclude Include="InputManager.h">
      <Filter>Managers\Public</Filter>
    </ClInclude>
  </ItemGroup>
  <ItemGroup>
    <ClCompile Include="pch.cpp">
      <Filter>PCH</Filter>
    </ClCompile>
    <ClCompile Include="DXContext.cpp">
      <Filter>Managers\Private</Filter>
    </ClCompile>
    <ClCompile Include="GameEngine.cpp">
      <Filter>Managers\Private</Filter>
    </ClCompile>
    <ClCompile Include="TimeManager.cpp">
      <Filter>Managers\Private</Filter>
    </ClCompile>
    <ClCompile Include="InputManager.cpp">
      <Filter>Managers\Private</Filter>
    </ClCompile>
  </ItemGroup>
</Project>